// !$*UTF8*$!
{
	archiveVersion = 1;
	classes = {
	};
	objectVersion = 55;
	objects = {

/* Begin PBXBuildFile section */
		E26EAD5F278C85E900C07860 /* AppDelegate.swift in Sources */ = {isa = PBXBuildFile; fileRef = E26EAD5E278C85E900C07860 /* AppDelegate.swift */; };
		E26EAD61278C85E900C07860 /* SceneDelegate.swift in Sources */ = {isa = PBXBuildFile; fileRef = E26EAD60278C85E900C07860 /* SceneDelegate.swift */; };
		E26EAD63278C85E900C07860 /* ViewController.swift in Sources */ = {isa = PBXBuildFile; fileRef = E26EAD62278C85E900C07860 /* ViewController.swift */; };
		E26EAD66278C85E900C07860 /* Main.storyboard in Resources */ = {isa = PBXBuildFile; fileRef = E26EAD64278C85E900C07860 /* Main.storyboard */; };
		E26EAD68278C85EC00C07860 /* Assets.xcassets in Resources */ = {isa = PBXBuildFile; fileRef = E26EAD67278C85EC00C07860 /* Assets.xcassets */; };
		E26EAD6B278C85EC00C07860 /* LaunchScreen.storyboard in Resources */ = {isa = PBXBuildFile; fileRef = E26EAD69278C85EC00C07860 /* LaunchScreen.storyboard */; };
		E26EAD76278C85EC00C07860 /* PageViewExample2Tests.swift in Sources */ = {isa = PBXBuildFile; fileRef = E26EAD75278C85EC00C07860 /* PageViewExample2Tests.swift */; };
		E26EAD80278C85EC00C07860 /* PageViewExample2UITests.swift in Sources */ = {isa = PBXBuildFile; fileRef = E26EAD7F278C85EC00C07860 /* PageViewExample2UITests.swift */; };
		E26EAD82278C85EC00C07860 /* PageViewExample2UITestsLaunchTests.swift in Sources */ = {isa = PBXBuildFile; fileRef = E26EAD81278C85EC00C07860 /* PageViewExample2UITestsLaunchTests.swift */; };
/* End PBXBuildFile section */

/* Begin PBXContainerItemProxy section */
		E26EAD72278C85EC00C07860 /* PBXContainerItemProxy */ = {
			isa = PBXContainerItemProxy;
			containerPortal = E26EAD53278C85E900C07860 /* Project object */;
			proxyType = 1;
			remoteGlobalIDString = E26EAD5A278C85E900C07860;
			remoteInfo = PageViewExample2;
		};
		E26EAD7C278C85EC00C07860 /* PBXContainerItemProxy */ = {
			isa = PBXContainerItemProxy;
			containerPortal = E26EAD53278C85E900C07860 /* Project object */;
			proxyType = 1;
			remoteGlobalIDString = E26EAD5A278C85E900C07860;
			remoteInfo = PageViewExample2;
		};
/* End PBXContainerItemProxy section */

/* Begin PBXFileReference section */
		E26EAD5B278C85E900C07860 /* PageViewExample2.app */ = {isa = PBXFileReference; explicitFileType = wrapper.application; includeInIndex = 0; path = PageViewExample2.app; sourceTree = BUILT_PRODUCTS_DIR; };
		E26EAD5E278C85E900C07860 /* AppDelegate.swift */ = {isa = PBXFileReference; lastKnownFileType = sourcecode.swift; path = AppDelegate.swift; sourceTree = "<group>"; };
		E26EAD60278C85E900C07860 /* SceneDelegate.swift */ = {isa = PBXFileReference; lastKnownFileType = sourcecode.swift; path = SceneDelegate.swift; sourceTree = "<group>"; };
		E26EAD62278C85E900C07860 /* ViewController.swift */ = {isa = PBXFileReference; lastKnownFileType = sourcecode.swift; path = ViewController.swift; sourceTree = "<group>"; };
		E26EAD65278C85E900C07860 /* Base */ = {isa = PBXFileReference; lastKnownFileType = file.storyboard; name = Base; path = Base.lproj/Main.storyboard; sourceTree = "<group>"; };
		E26EAD67278C85EC00C07860 /* Assets.xcassets */ = {isa = PBXFileReference; lastKnownFileType = folder.assetcatalog; path = Assets.xcassets; sourceTree = "<group>"; };
		E26EAD6A278C85EC00C07860 /* Base */ = {isa = PBXFileReference; lastKnownFileType = file.storyboard; name = Base; path = Base.lproj/LaunchScreen.storyboard; sourceTree = "<group>"; };
		E26EAD6C278C85EC00C07860 /* Info.plist */ = {isa = PBXFileReference; lastKnownFileType = text.plist.xml; path = Info.plist; sourceTree = "<group>"; };
		E26EAD71278C85EC00C07860 /* PageViewExample2Tests.xctest */ = {isa = PBXFileReference; explicitFileType = wrapper.cfbundle; includeInIndex = 0; path = PageViewExample2Tests.xctest; sourceTree = BUILT_PRODUCTS_DIR; };
		E26EAD75278C85EC00C07860 /* PageViewExample2Tests.swift */ = {isa = PBXFileReference; lastKnownFileType = sourcecode.swift; path = PageViewExample2Tests.swift; sourceTree = "<group>"; };
		E26EAD7B278C85EC00C07860 /* PageViewExample2UITests.xctest */ = {isa = PBXFileReference; explicitFileType = wrapper.cfbundle; includeInIndex = 0; path = PageViewExample2UITests.xctest; sourceTree = BUILT_PRODUCTS_DIR; };
		E26EAD7F278C85EC00C07860 /* PageViewExample2UITests.swift */ = {isa = PBXFileReference; lastKnownFileType = sourcecode.swift; path = PageViewExample2UITests.swift; sourceTree = "<group>"; };
		E26EAD81278C85EC00C07860 /* PageViewExample2UITestsLaunchTests.swift */ = {isa = PBXFileReference; lastKnownFileType = sourcecode.swift; path = PageViewExample2UITestsLaunchTests.swift; sourceTree = "<group>"; };
/* End PBXFileReference section */

/* Begin PBXFrameworksBuildPhase section */
		E26EAD58278C85E900C07860 /* Frameworks */ = {
			isa = PBXFrameworksBuildPhase;
			buildActionMask = 2147483647;
			files = (
			);
			runOnlyForDeploymentPostprocessing = 0;
		};
		E26EAD6E278C85EC00C07860 /* Frameworks */ = {
			isa = PBXFrameworksBuildPhase;
			buildActionMask = 2147483647;
			files = (
			);
			runOnlyForDeploymentPostprocessing = 0;
		};
		E26EAD78278C85EC00C07860 /* Frameworks */ = {
			isa = PBXFrameworksBuildPhase;
			buildActionMask = 2147483647;
			files = (
			);
			runOnlyForDeploymentPostprocessing = 0;
		};
/* End PBXFrameworksBuildPhase section */

/* Begin PBXGroup section */
		E26EAD52278C85E900C07860 = {
			isa = PBXGroup;
			children = (
				E26EAD5D278C85E900C07860 /* PageViewExample2 */,
				E26EAD74278C85EC00C07860 /* PageViewExample2Tests */,
				E26EAD7E278C85EC00C07860 /* PageViewExample2UITests */,
				E26EAD5C278C85E900C07860 /* Products */,
			);
			sourceTree = "<group>";
		};
		E26EAD5C278C85E900C07860 /* Products */ = {
			isa = PBXGroup;
			children = (
				E26EAD5B278C85E900C07860 /* PageViewExample2.app */,
				E26EAD71278C85EC00C07860 /* PageViewExample2Tests.xctest */,
				E26EAD7B278C85EC00C07860 /* PageViewExample2UITests.xctest */,
			);
			name = Products;
			sourceTree = "<group>";
		};
		E26EAD5D278C85E900C07860 /* PageViewExample2 */ = {
			isa = PBXGroup;
			children = (
				E26EAD5E278C85E900C07860 /* AppDelegate.swift */,
				E26EAD60278C85E900C07860 /* SceneDelegate.swift */,
				E26EAD62278C85E900C07860 /* ViewController.swift */,
				E26EAD64278C85E900C07860 /* Main.storyboard */,
				E26EAD67278C85EC00C07860 /* Assets.xcassets */,
				E26EAD69278C85EC00C07860 /* LaunchScreen.storyboard */,
				E26EAD6C278C85EC00C07860 /* Info.plist */,
			);
			path = PageViewExample2;
			sourceTree = "<group>";
		};
		E26EAD74278C85EC00C07860 /* PageViewExample2Tests */ = {
			isa = PBXGroup;
			children = (
				E26EAD75278C85EC00C07860 /* PageViewExample2Tests.swift */,
			);
			path = PageViewExample2Tests;
			sourceTree = "<group>";
		};
		E26EAD7E278C85EC00C07860 /* PageViewExample2UITests */ = {
			isa = PBXGroup;
			children = (
				E26EAD7F278C85EC00C07860 /* PageViewExample2UITests.swift */,
				E26EAD81278C85EC00C07860 /* PageViewExample2UITestsLaunchTests.swift */,
			);
			path = PageViewExample2UITests;
			sourceTree = "<group>";
		};
/* End PBXGroup section */

/* Begin PBXNativeTarget section */
		E26EAD5A278C85E900C07860 /* PageViewExample2 */ = {
			isa = PBXNativeTarget;
			buildConfigurationList = E26EAD85278C85EC00C07860 /* Build configuration list for PBXNativeTarget "PageViewExample2" */;
			buildPhases = (
				E26EAD57278C85E900C07860 /* Sources */,
				E26EAD58278C85E900C07860 /* Frameworks */,
				E26EAD59278C85E900C07860 /* Resources */,
			);
			buildRules = (
			);
			dependencies = (
			);
			name = PageViewExample2;
			productName = PageViewExample2;
			productReference = E26EAD5B278C85E900C07860 /* PageViewExample2.app */;
			productType = "com.apple.product-type.application";
		};
		E26EAD70278C85EC00C07860 /* PageViewExample2Tests */ = {
			isa = PBXNativeTarget;
			buildConfigurationList = E26EAD88278C85EC00C07860 /* Build configuration list for PBXNativeTarget "PageViewExample2Tests" */;
			buildPhases = (
				E26EAD6D278C85EC00C07860 /* Sources */,
				E26EAD6E278C85EC00C07860 /* Frameworks */,
				E26EAD6F278C85EC00C07860 /* Resources */,
			);
			buildRules = (
			);
			dependencies = (
				E26EAD73278C85EC00C07860 /* PBXTargetDependency */,
			);
			name = PageViewExample2Tests;
			productName = PageViewExample2Tests;
			productReference = E26EAD71278C85EC00C07860 /* PageViewExample2Tests.xctest */;
			productType = "com.apple.product-type.bundle.unit-test";
		};
		E26EAD7A278C85EC00C07860 /* PageViewExample2UITests */ = {
			isa = PBXNativeTarget;
			buildConfigurationList = E26EAD8B278C85EC00C07860 /* Build configuration list for PBXNativeTarget "PageViewExample2UITests" */;
			buildPhases = (
				E26EAD77278C85EC00C07860 /* Sources */,
				E26EAD78278C85EC00C07860 /* Frameworks */,
				E26EAD79278C85EC00C07860 /* Resources */,
			);
			buildRules = (
			);
			dependencies = (
				E26EAD7D278C85EC00C07860 /* PBXTargetDependency */,
			);
			name = PageViewExample2UITests;
			productName = PageViewExample2UITests;
			productReference = E26EAD7B278C85EC00C07860 /* PageViewExample2UITests.xctest */;
			productType = "com.apple.product-type.bundle.ui-testing";
		};
/* End PBXNativeTarget section */

/* Begin PBXProject section */
		E26EAD53278C85E900C07860 /* Project object */ = {
			isa = PBXProject;
			attributes = {
				BuildIndependentTargetsInParallel = 1;
				LastSwiftUpdateCheck = 1320;
				LastUpgradeCheck = 1320;
				TargetAttributes = {
					E26EAD5A278C85E900C07860 = {
						CreatedOnToolsVersion = 13.2;
					};
					E26EAD70278C85EC00C07860 = {
						CreatedOnToolsVersion = 13.2;
						TestTargetID = E26EAD5A278C85E900C07860;
					};
					E26EAD7A278C85EC00C07860 = {
						CreatedOnToolsVersion = 13.2;
						TestTargetID = E26EAD5A278C85E900C07860;
					};
				};
			};
			buildConfigurationList = E26EAD56278C85E900C07860 /* Build configuration list for PBXProject "PageViewExample2" */;
			compatibilityVersion = "Xcode 13.0";
			developmentRegion = en;
			hasScannedForEncodings = 0;
			knownRegions = (
				en,
				Base,
			);
			mainGroup = E26EAD52278C85E900C07860;
			productRefGroup = E26EAD5C278C85E900C07860 /* Products */;
			projectDirPath = "";
			projectRoot = "";
			targets = (
				E26EAD5A278C85E900C07860 /* PageViewExample2 */,
				E26EAD70278C85EC00C07860 /* PageViewExample2Tests */,
				E26EAD7A278C85EC00C07860 /* PageViewExample2UITests */,
			);
		};
/* End PBXProject section */

/* Begin PBXResourcesBuildPhase section */
		E26EAD59278C85E900C07860 /* Resources */ = {
			isa = PBXResourcesBuildPhase;
			buildActionMask = 2147483647;
			files = (
				E26EAD6B278C85EC00C07860 /* LaunchScreen.storyboard in Resources */,
				E26EAD68278C85EC00C07860 /* Assets.xcassets in Resources */,
				E26EAD66278C85E900C07860 /* Main.storyboard in Resources */,
			);
			runOnlyForDeploymentPostprocessing = 0;
		};
		E26EAD6F278C85EC00C07860 /* Resources */ = {
			isa = PBXResourcesBuildPhase;
			buildActionMask = 2147483647;
			files = (
			);
			runOnlyForDeploymentPostprocessing = 0;
		};
		E26EAD79278C85EC00C07860 /* Resources */ = {
			isa = PBXResourcesBuildPhase;
			buildActionMask = 2147483647;
			files = (
			);
			runOnlyForDeploymentPostprocessing = 0;
		};
/* End PBXResourcesBuildPhase section */

/* Begin PBXSourcesBuildPhase section */
		E26EAD57278C85E900C07860 /* Sources */ = {
			isa = PBXSourcesBuildPhase;
			buildActionMask = 2147483647;
			files = (
				E26EAD63278C85E900C07860 /* ViewController.swift in Sources */,
				E26EAD5F278C85E900C07860 /* AppDelegate.swift in Sources */,
				E26EAD61278C85E900C07860 /* SceneDelegate.swift in Sources */,
			);
			runOnlyForDeploymentPostprocessing = 0;
		};
		E26EAD6D278C85EC00C07860 /* Sources */ = {
			isa = PBXSourcesBuildPhase;
			buildActionMask = 2147483647;
			files = (
				E26EAD76278C85EC00C07860 /* PageViewExample2Tests.swift in Sources */,
			);
			runOnlyForDeploymentPostprocessing = 0;
		};
		E26EAD77278C85EC00C07860 /* Sources */ = {
			isa = PBXSourcesBuildPhase;
			buildActionMask = 2147483647;
			files = (
				E26EAD82278C85EC00C07860 /* PageViewExample2UITestsLaunchTests.swift in Sources */,
				E26EAD80278C85EC00C07860 /* PageViewExample2UITests.swift in Sources */,
			);
			runOnlyForDeploymentPostprocessing = 0;
		};
/* End PBXSourcesBuildPhase section */

/* Begin PBXTargetDependency section */
		E26EAD73278C85EC00C07860 /* PBXTargetDependency */ = {
			isa = PBXTargetDependency;
			target = E26EAD5A278C85E900C07860 /* PageViewExample2 */;
			targetProxy = E26EAD72278C85EC00C07860 /* PBXContainerItemProxy */;
		};
		E26EAD7D278C85EC00C07860 /* PBXTargetDependency */ = {
			isa = PBXTargetDependency;
			target = E26EAD5A278C85E900C07860 /* PageViewExample2 */;
			targetProxy = E26EAD7C278C85EC00C07860 /* PBXContainerItemProxy */;
		};
/* End PBXTargetDependency section */

/* Begin PBXVariantGroup section */
		E26EAD64278C85E900C07860 /* Main.storyboard */ = {
			isa = PBXVariantGroup;
			children = (
				E26EAD65278C85E900C07860 /* Base */,
			);
			name = Main.storyboard;
			sourceTree = "<group>";
		};
		E26EAD69278C85EC00C07860 /* LaunchScreen.storyboard */ = {
			isa = PBXVariantGroup;
			children = (
				E26EAD6A278C85EC00C07860 /* Base */,
			);
			name = LaunchScreen.storyboard;
			sourceTree = "<group>";
		};
/* End PBXVariantGroup section */

/* Begin XCBuildConfiguration section */
		E26EAD83278C85EC00C07860 /* Debug */ = {
			isa = XCBuildConfiguration;
			buildSettings = {
				ALWAYS_SEARCH_USER_PATHS = NO;
				CLANG_ANALYZER_NONNULL = YES;
				CLANG_ANALYZER_NUMBER_OBJECT_CONVERSION = YES_AGGRESSIVE;
				CLANG_CXX_LANGUAGE_STANDARD = "gnu++17";
				CLANG_CXX_LIBRARY = "libc++";
				CLANG_ENABLE_MODULES = YES;
				CLANG_ENABLE_OBJC_ARC = YES;
				CLANG_ENABLE_OBJC_WEAK = YES;
				CLANG_WARN_BLOCK_CAPTURE_AUTORELEASING = YES;
				CLANG_WARN_BOOL_CONVERSION = YES;
				CLANG_WARN_COMMA = YES;
				CLANG_WARN_CONSTANT_CONVERSION = YES;
				CLANG_WARN_DEPRECATED_OBJC_IMPLEMENTATIONS = YES;
				CLANG_WARN_DIRECT_OBJC_ISA_USAGE = YES_ERROR;
				CLANG_WARN_DOCUMENTATION_COMMENTS = YES;
				CLANG_WARN_EMPTY_BODY = YES;
				CLANG_WARN_ENUM_CONVERSION = YES;
				CLANG_WARN_INFINITE_RECURSION = YES;
				CLANG_WARN_INT_CONVERSION = YES;
				CLANG_WARN_NON_LITERAL_NULL_CONVERSION = YES;
				CLANG_WARN_OBJC_IMPLICIT_RETAIN_SELF = YES;
				CLANG_WARN_OBJC_LITERAL_CONVERSION = YES;
				CLANG_WARN_OBJC_ROOT_CLASS = YES_ERROR;
				CLANG_WARN_QUOTED_INCLUDE_IN_FRAMEWORK_HEADER = YES;
				CLANG_WARN_RANGE_LOOP_ANALYSIS = YES;
				CLANG_WARN_STRICT_PROTOTYPES = YES;
				CLANG_WARN_SUSPICIOUS_MOVE = YES;
				CLANG_WARN_UNGUARDED_AVAILABILITY = YES_AGGRESSIVE;
				CLANG_WARN_UNREACHABLE_CODE = YES;
				CLANG_WARN__DUPLICATE_METHOD_MATCH = YES;
				COPY_PHASE_STRIP = NO;
				DEBUG_INFORMATION_FORMAT = dwarf;
				ENABLE_STRICT_OBJC_MSGSEND = YES;
				ENABLE_TESTABILITY = YES;
				GCC_C_LANGUAGE_STANDARD = gnu11;
				GCC_DYNAMIC_NO_PIC = NO;
				GCC_NO_COMMON_BLOCKS = YES;
				GCC_OPTIMIZATION_LEVEL = 0;
				GCC_PREPROCESSOR_DEFINITIONS = (
					"DEBUG=1",
					"$(inherited)",
				);
				GCC_WARN_64_TO_32_BIT_CONVERSION = YES;
				GCC_WARN_ABOUT_RETURN_TYPE = YES_ERROR;
				GCC_WARN_UNDECLARED_SELECTOR = YES;
				GCC_WARN_UNINITIALIZED_AUTOS = YES_AGGRESSIVE;
				GCC_WARN_UNUSED_FUNCTION = YES;
				GCC_WARN_UNUSED_VARIABLE = YES;
				IPHONEOS_DEPLOYMENT_TARGET = 15.2;
				MTL_ENABLE_DEBUG_INFO = INCLUDE_SOURCE;
				MTL_FAST_MATH = YES;
				ONLY_ACTIVE_ARCH = YES;
				SDKROOT = iphoneos;
				SWIFT_ACTIVE_COMPILATION_CONDITIONS = DEBUG;
				SWIFT_OPTIMIZATION_LEVEL = "-Onone";
			};
			name = Debug;
		};
		E26EAD84278C85EC00C07860 /* Release */ = {
			isa = XCBuildConfiguration;
			buildSettings = {
				ALWAYS_SEARCH_USER_PATHS = NO;
				CLANG_ANALYZER_NONNULL = YES;
				CLANG_ANALYZER_NUMBER_OBJECT_CONVERSION = YES_AGGRESSIVE;
				CLANG_CXX_LANGUAGE_STANDARD = "gnu++17";
				CLANG_CXX_LIBRARY = "libc++";
				CLANG_ENABLE_MODULES = YES;
				CLANG_ENABLE_OBJC_ARC = YES;
				CLANG_ENABLE_OBJC_WEAK = YES;
				CLANG_WARN_BLOCK_CAPTURE_AUTORELEASING = YES;
				CLANG_WARN_BOOL_CONVERSION = YES;
				CLANG_WARN_COMMA = YES;
				CLANG_WARN_CONSTANT_CONVERSION = YES;
				CLANG_WARN_DEPRECATED_OBJC_IMPLEMENTATIONS = YES;
				CLANG_WARN_DIRECT_OBJC_ISA_USAGE = YES_ERROR;
				CLANG_WARN_DOCUMENTATION_COMMENTS = YES;
				CLANG_WARN_EMPTY_BODY = YES;
				CLANG_WARN_ENUM_CONVERSION = YES;
				CLANG_WARN_INFINITE_RECURSION = YES;
				CLANG_WARN_INT_CONVERSION = YES;
				CLANG_WARN_NON_LITERAL_NULL_CONVERSION = YES;
				CLANG_WARN_OBJC_IMPLICIT_RETAIN_SELF = YES;
				CLANG_WARN_OBJC_LITERAL_CONVERSION = YES;
				CLANG_WARN_OBJC_ROOT_CLASS = YES_ERROR;
				CLANG_WARN_QUOTED_INCLUDE_IN_FRAMEWORK_HEADER = YES;
				CLANG_WARN_RANGE_LOOP_ANALYSIS = YES;
				CLANG_WARN_STRICT_PROTOTYPES = YES;
				CLANG_WARN_SUSPICIOUS_MOVE = YES;
				CLANG_WARN_UNGUARDED_AVAILABILITY = YES_AGGRESSIVE;
				CLANG_WARN_UNREACHABLE_CODE = YES;
				CLANG_WARN__DUPLICATE_METHOD_MATCH = YES;
				COPY_PHASE_STRIP = NO;
				DEBUG_INFORMATION_FORMAT = "dwarf-with-dsym";
				ENABLE_NS_ASSERTIONS = NO;
				ENABLE_STRICT_OBJC_MSGSEND = YES;
				GCC_C_LANGUAGE_STANDARD = gnu11;
				GCC_NO_COMMON_BLOCKS = YES;
				GCC_WARN_64_TO_32_BIT_CONVERSION = YES;
				GCC_WARN_ABOUT_RETURN_TYPE = YES_ERROR;
				GCC_WARN_UNDECLARED_SELECTOR = YES;
				GCC_WARN_UNINITIALIZED_AUTOS = YES_AGGRESSIVE;
				GCC_WARN_UNUSED_FUNCTION = YES;
				GCC_WARN_UNUSED_VARIABLE = YES;
				IPHONEOS_DEPLOYMENT_TARGET = 15.2;
				MTL_ENABLE_DEBUG_INFO = NO;
				MTL_FAST_MATH = YES;
				SDKROOT = iphoneos;
				SWIFT_COMPILATION_MODE = wholemodule;
				SWIFT_OPTIMIZATION_LEVEL = "-O";
				VALIDATE_PRODUCT = YES;
			};
			name = Release;
		};
		E26EAD86278C85EC00C07860 /* Debug */ = {
			isa = XCBuildConfiguration;
			buildSettings = {
				ASSETCATALOG_COMPILER_APPICON_NAME = AppIcon;
				ASSETCATALOG_COMPILER_GLOBAL_ACCENT_COLOR_NAME = AccentColor;
				CODE_SIGN_STYLE = Automatic;
				CURRENT_PROJECT_VERSION = 1;
				DEVELOPMENT_TEAM = C3C54K4F4K;
				GENERATE_INFOPLIST_FILE = YES;
				INFOPLIST_FILE = PageViewExample2/Info.plist;
				INFOPLIST_KEY_UIApplicationSupportsIndirectInputEvents = YES;
				INFOPLIST_KEY_UILaunchStoryboardName = LaunchScreen;
				INFOPLIST_KEY_UIMainStoryboardFile = Main;
				INFOPLIST_KEY_UISupportedInterfaceOrientations_iPad = "UIInterfaceOrientationPortrait UIInterfaceOrientationPortraitUpsideDown UIInterfaceOrientationLandscapeLeft UIInterfaceOrientationLandscapeRight";
				INFOPLIST_KEY_UISupportedInterfaceOrientations_iPhone = "UIInterfaceOrientationPortrait UIInterfaceOrientationLandscapeLeft UIInterfaceOrientationLandscapeRight";
				LD_RUNPATH_SEARCH_PATHS = (
					"$(inherited)",
					"@executable_path/Frameworks",
				);
				MARKETING_VERSION = 1.0;
				PRODUCT_BUNDLE_IDENTIFIER = com.maxirv.PageViewExample2;
				PRODUCT_NAME = "$(TARGET_NAME)";
				SWIFT_EMIT_LOC_STRINGS = YES;
				SWIFT_VERSION = 5.0;
				TARGETED_DEVICE_FAMILY = "1,2";
			};
			name = Debug;
		};
		E26EAD87278C85EC00C07860 /* Release */ = {
			isa = XCBuildConfiguration;
			buildSettings = {
				ASSETCATALOG_COMPILER_APPICON_NAME = AppIcon;
				ASSETCATALOG_COMPILER_GLOBAL_ACCENT_COLOR_NAME = AccentColor;
				CODE_SIGN_STYLE = Automatic;
				CURRENT_PROJECT_VERSION = 1;
				DEVELOPMENT_TEAM = C3C54K4F4K;
				GENERATE_INFOPLIST_FILE = YES;
				INFOPLIST_FILE = PageViewExample2/Info.plist;
				INFOPLIST_KEY_UIApplicationSupportsIndirectInputEvents = YES;
				INFOPLIST_KEY_UILaunchStoryboardName = LaunchScreen;
				INFOPLIST_KEY_UIMainStoryboardFile = Main;
				INFOPLIST_KEY_UISupportedInterfaceOrientations_iPad = "UIInterfaceOrientationPortrait UIInterfaceOrientationPortraitUpsideDown UIInterfaceOrientationLandscapeLeft UIInterfaceOrientationLandscapeRight";
				INFOPLIST_KEY_UISupportedInterfaceOrientations_iPhone = "UIInterfaceOrientationPortrait UIInterfaceOrientationLandscapeLeft UIInterfaceOrientationLandscapeRight";
				LD_RUNPATH_SEARCH_PATHS = (
					"$(inherited)",
					"@executable_path/Frameworks",
				);
				MARKETING_VERSION = 1.0;
				PRODUCT_BUNDLE_IDENTIFIER = com.maxirv.PageViewExample2;
				PRODUCT_NAME = "$(TARGET_NAME)";
				SWIFT_EMIT_LOC_STRINGS = YES;
				SWIFT_VERSION = 5.0;
				TARGETED_DEVICE_FAMILY = "1,2";
			};
			name = Release;
		};
		E26EAD89278C85EC00C07860 /* Debug */ = {
			isa = XCBuildConfiguration;
			buildSettings = {
				ALWAYS_EMBED_SWIFT_STANDARD_LIBRARIES = YES;
				BUNDLE_LOADER = "$(TEST_HOST)";
				CODE_SIGN_STYLE = Automatic;
				CURRENT_PROJECT_VERSION = 1;
				DEVELOPMENT_TEAM = C3C54K4F4K;
				GENERATE_INFOPLIST_FILE = YES;
				IPHONEOS_DEPLOYMENT_TARGET = 15.2;
				MARKETING_VERSION = 1.0;
				PRODUCT_BUNDLE_IDENTIFIER = com.maxirv.PageViewExample2Tests;
				PRODUCT_NAME = "$(TARGET_NAME)";
				SWIFT_EMIT_LOC_STRINGS = NO;
				SWIFT_VERSION = 5.0;
				TARGETED_DEVICE_FAMILY = "1,2";
				TEST_HOST = "$(BUILT_PRODUCTS_DIR)/PageViewExample2.app/PageViewExample2";
			};
			name = Debug;
		};
		E26EAD8A278C85EC00C07860 /* Release */ = {
			isa = XCBuildConfiguration;
			buildSettings = {
				ALWAYS_EMBED_SWIFT_STANDARD_LIBRARIES = YES;
				BUNDLE_LOADER = "$(TEST_HOST)";
				CODE_SIGN_STYLE = Automatic;
				CURRENT_PROJECT_VERSION = 1;
				DEVELOPMENT_TEAM = C3C54K4F4K;
				GENERATE_INFOPLIST_FILE = YES;
				IPHONEOS_DEPLOYMENT_TARGET = 15.2;
				MARKETING_VERSION = 1.0;
				PRODUCT_BUNDLE_IDENTIFIER = com.maxirv.PageViewExample2Tests;
				PRODUCT_NAME = "$(TARGET_NAME)";
				SWIFT_EMIT_LOC_STRINGS = NO;
				SWIFT_VERSION = 5.0;
				TARGETED_DEVICE_FAMILY = "1,2";
				TEST_HOST = "$(BUILT_PRODUCTS_DIR)/PageViewExample2.app/PageViewExample2";
			};
			name = Release;
		};
		E26EAD8C278C85EC00C07860 /* Debug */ = {
			isa = XCBuildConfiguration;
			buildSettings = {
				ALWAYS_EMBED_SWIFT_STANDARD_LIBRARIES = YES;
				CODE_SIGN_STYLE = Automatic;
				CURRENT_PROJECT_VERSION = 1;
				DEVELOPMENT_TEAM = C3C54K4F4K;
				GENERATE_INFOPLIST_FILE = YES;
				MARKETING_VERSION = 1.0;
				PRODUCT_BUNDLE_IDENTIFIER = com.maxirv.PageViewExample2UITests;
				PRODUCT_NAME = "$(TARGET_NAME)";
				SWIFT_EMIT_LOC_STRINGS = NO;
				SWIFT_VERSION = 5.0;
				TARGETED_DEVICE_FAMILY = "1,2";
				TEST_TARGET_NAME = PageViewExample2;
			};
			name = Debug;
		};
		E26EAD8D278C85EC00C07860 /* Release */ = {
			isa = XCBuildConfiguration;
			buildSettings = {
				ALWAYS_EMBED_SWIFT_STANDARD_LIBRARIES = YES;
				CODE_SIGN_STYLE = Automatic;
				CURRENT_PROJECT_VERSION = 1;
				DEVELOPMENT_TEAM = C3C54K4F4K;
				GENERATE_INFOPLIST_FILE = YES;
				MARKETING_VERSION = 1.0;
				PRODUCT_BUNDLE_IDENTIFIER = com.maxirv.PageViewExample2UITests;
				PRODUCT_NAME = "$(TARGET_NAME)";
				SWIFT_EMIT_LOC_STRINGS = NO;
				SWIFT_VERSION = 5.0;
				TARGETED_DEVICE_FAMILY = "1,2";
				TEST_TARGET_NAME = PageViewExample2;
			};
			name = Release;
		};
/* End XCBuildConfiguration section */

/* Begin XCConfigurationList section */
		E26EAD56278C85E900C07860 /* Build configuration list for PBXProject "PageViewExample2" */ = {
			isa = XCConfigurationList;
			buildConfigurations = (
				E26EAD83278C85EC00C07860 /* Debug */,
				E26EAD84278C85EC00C07860 /* Release */,
			);
			defaultConfigurationIsVisible = 0;
			defaultConfigurationName = Release;
		};
		E26EAD85278C85EC00C07860 /* Build configuration list for PBXNativeTarget "PageViewExample2" */ = {
			isa = XCConfigurationList;
			buildConfigurations = (
				E26EAD86278C85EC00C07860 /* Debug */,
				E26EAD87278C85EC00C07860 /* Release */,
			);
			defaultConfigurationIsVisible = 0;
			defaultConfigurationName = Release;
		};
		E26EAD88278C85EC00C07860 /* Build configuration list for PBXNativeTarget "PageViewExample2Tests" */ = {
			isa = XCConfigurationList;
			buildConfigurations = (
				E26EAD89278C85EC00C07860 /* Debug */,
				E26EAD8A278C85EC00C07860 /* Release */,
			);
			defaultConfigurationIsVisible = 0;
			defaultConfigurationName = Release;
		};
		E26EAD8B278C85EC00C07860 /* Build configuration list for PBXNativeTarget "PageViewExample2UITests" */ = {
			isa = XCConfigurationList;
			buildConfigurations = (
				E26EAD8C278C85EC00C07860 /* Debug */,
				E26EAD8D278C85EC00C07860 /* Release */,
			);
			defaultConfigurationIsVisible = 0;
			defaultConfigurationName = Release;
		};
/* End XCConfigurationList section */
	};
	rootObject = E26EAD53278C85E900C07860 /* Project object */;
}
